
Microsoft Visual Studio Solution File, Format Version 12.00
# Visual Studio Version 17
VisualStudioVersion = 17.3.32825.248
MinimumVisualStudioVersion = 10.0.40219.1
Project("{FAE04EC0-301F-11D3-BF4B-00C04F79EFBC}") = "EDDiscordWatcher", "src\EDDiscordWatcher\EDDiscordWatcher.csproj", "{5A9264EC-6B1D-402B-B1F5-2B2F155C06EA}"
EndProject
Global
	GlobalSection(SolutionConfigurationPlatforms) = preSolution
		Debug|Any CPU = Debug|Any CPU
		Release|Any CPU = Release|Any CPU
	EndGlobalSection
	GlobalSection(ProjectConfigurationPlatforms) = postSolution
		{5A9264EC-6B1D-402B-B1F5-2B2F155C06EA}.Debug|Any CPU.ActiveCfg = Debug|Any CPU
		{5A9264EC-6B1D-402B-B1F5-2B2F155C06EA}.Debug|Any CPU.Build.0 = Debug|Any CPU
		{5A9264EC-6B1D-402B-B1F5-2B2F155C06EA}.Release|Any CPU.ActiveCfg = Release|Any CPU
		{5A9264EC-6B1D-402B-B1F5-2B2F155C06EA}.Release|Any CPU.Build.0 = Release|Any CPU
	EndGlobalSection
	GlobalSection(SolutionProperties) = preSolution
		HideSolutionNode = FALSE
	EndGlobalSection
	GlobalSection(ExtensibilityGlobals) = postSolution
		SolutionGuid = {19FE1A37-9052-4FBB-BE19-7CC268DC9D63}
	EndGlobalSection
EndGlobal
